// !$*UTF8*$!
{
	archiveVersion = 1;
	classes = {
	};
	objectVersion = 55;
	objects = {

/* Begin PBXBuildFile section */
		0964B19B293F2BAF00946FA1 /* AssignLeakApp.swift in Sources */ = {isa = PBXBuildFile; fileRef = 0964B19A293F2BAF00946FA1 /* AssignLeakApp.swift */; };
		0964B19D293F2BAF00946FA1 /* ContentView.swift in Sources */ = {isa = PBXBuildFile; fileRef = 0964B19C293F2BAF00946FA1 /* ContentView.swift */; };
		0964B19F293F2BB100946FA1 /* Assets.xcassets in Resources */ = {isa = PBXBuildFile; fileRef = 0964B19E293F2BB100946FA1 /* Assets.xcassets */; };
		0964B1A2293F2BB100946FA1 /* Preview Assets.xcassets in Resources */ = {isa = PBXBuildFile; fileRef = 0964B1A1293F2BB100946FA1 /* Preview Assets.xcassets */; };
		0964B1AC293F2BB100946FA1 /* AssignLeakTests.swift in Sources */ = {isa = PBXBuildFile; fileRef = 0964B1AB293F2BB100946FA1 /* AssignLeakTests.swift */; };
		0964B1B6293F2BB100946FA1 /* AssignLeakUITests.swift in Sources */ = {isa = PBXBuildFile; fileRef = 0964B1B5293F2BB100946FA1 /* AssignLeakUITests.swift */; };
		0964B1B8293F2BB100946FA1 /* AssignLeakUITestsLaunchTests.swift in Sources */ = {isa = PBXBuildFile; fileRef = 0964B1B7293F2BB100946FA1 /* AssignLeakUITestsLaunchTests.swift */; };
/* End PBXBuildFile section */

/* Begin PBXContainerItemProxy section */
		0964B1A8293F2BB100946FA1 /* PBXContainerItemProxy */ = {
			isa = PBXContainerItemProxy;
			containerPortal = 0964B18F293F2BAF00946FA1 /* Project object */;
			proxyType = 1;
			remoteGlobalIDString = 0964B196293F2BAF00946FA1;
			remoteInfo = AssignLeak;
		};
		0964B1B2293F2BB100946FA1 /* PBXContainerItemProxy */ = {
			isa = PBXContainerItemProxy;
			containerPortal = 0964B18F293F2BAF00946FA1 /* Project object */;
			proxyType = 1;
			remoteGlobalIDString = 0964B196293F2BAF00946FA1;
			remoteInfo = AssignLeak;
		};
/* End PBXContainerItemProxy section */

/* Begin PBXFileReference section */
		0964B197293F2BAF00946FA1 /* AssignLeak.app */ = {isa = PBXFileReference; explicitFileType = wrapper.application; includeInIndex = 0; path = AssignLeak.app; sourceTree = BUILT_PRODUCTS_DIR; };
		0964B19A293F2BAF00946FA1 /* AssignLeakApp.swift */ = {isa = PBXFileReference; lastKnownFileType = sourcecode.swift; path = AssignLeakApp.swift; sourceTree = "<group>"; };
		0964B19C293F2BAF00946FA1 /* ContentView.swift */ = {isa = PBXFileReference; lastKnownFileType = sourcecode.swift; path = ContentView.swift; sourceTree = "<group>"; };
		0964B19E293F2BB100946FA1 /* Assets.xcassets */ = {isa = PBXFileReference; lastKnownFileType = folder.assetcatalog; path = Assets.xcassets; sourceTree = "<group>"; };
		0964B1A1293F2BB100946FA1 /* Preview Assets.xcassets */ = {isa = PBXFileReference; lastKnownFileType = folder.assetcatalog; path = "Preview Assets.xcassets"; sourceTree = "<group>"; };
		0964B1A7293F2BB100946FA1 /* AssignLeakTests.xctest */ = {isa = PBXFileReference; explicitFileType = wrapper.cfbundle; includeInIndex = 0; path = AssignLeakTests.xctest; sourceTree = BUILT_PRODUCTS_DIR; };
		0964B1AB293F2BB100946FA1 /* AssignLeakTests.swift */ = {isa = PBXFileReference; lastKnownFileType = sourcecode.swift; path = AssignLeakTests.swift; sourceTree = "<group>"; };
		0964B1B1293F2BB100946FA1 /* AssignLeakUITests.xctest */ = {isa = PBXFileReference; explicitFileType = wrapper.cfbundle; includeInIndex = 0; path = AssignLeakUITests.xctest; sourceTree = BUILT_PRODUCTS_DIR; };
		0964B1B5293F2BB100946FA1 /* AssignLeakUITests.swift */ = {isa = PBXFileReference; lastKnownFileType = sourcecode.swift; path = AssignLeakUITests.swift; sourceTree = "<group>"; };
		0964B1B7293F2BB100946FA1 /* AssignLeakUITestsLaunchTests.swift */ = {isa = PBXFileReference; lastKnownFileType = sourcecode.swift; path = AssignLeakUITestsLaunchTests.swift; sourceTree = "<group>"; };
/* End PBXFileReference section */

/* Begin PBXFrameworksBuildPhase section */
		0964B194293F2BAF00946FA1 /* Frameworks */ = {
			isa = PBXFrameworksBuildPhase;
			buildActionMask = 2147483647;
			files = (
			);
			runOnlyForDeploymentPostprocessing = 0;
		};
		0964B1A4293F2BB100946FA1 /* Frameworks */ = {
			isa = PBXFrameworksBuildPhase;
			buildActionMask = 2147483647;
			files = (
			);
			runOnlyForDeploymentPostprocessing = 0;
		};
		0964B1AE293F2BB100946FA1 /* Frameworks */ = {
			isa = PBXFrameworksBuildPhase;
			buildActionMask = 2147483647;
			files = (
			);
			runOnlyForDeploymentPostprocessing = 0;
		};
/* End PBXFrameworksBuildPhase section */

/* Begin PBXGroup section */
		0964B18E293F2BAF00946FA1 = {
			isa = PBXGroup;
			children = (
				0964B199293F2BAF00946FA1 /* AssignLeak */,
				0964B1AA293F2BB100946FA1 /* AssignLeakTests */,
				0964B1B4293F2BB100946FA1 /* AssignLeakUITests */,
				0964B198293F2BAF00946FA1 /* Products */,
			);
			sourceTree = "<group>";
		};
		0964B198293F2BAF00946FA1 /* Products */ = {
			isa = PBXGroup;
			children = (
				0964B197293F2BAF00946FA1 /* AssignLeak.app */,
				0964B1A7293F2BB100946FA1 /* AssignLeakTests.xctest */,
				0964B1B1293F2BB100946FA1 /* AssignLeakUITests.xctest */,
			);
			name = Products;
			sourceTree = "<group>";
		};
		0964B199293F2BAF00946FA1 /* AssignLeak */ = {
			isa = PBXGroup;
			children = (
				0964B19A293F2BAF00946FA1 /* AssignLeakApp.swift */,
				0964B19C293F2BAF00946FA1 /* ContentView.swift */,
				0964B19E293F2BB100946FA1 /* Assets.xcassets */,
				0964B1A0293F2BB100946FA1 /* Preview Content */,
			);
			path = AssignLeak;
			sourceTree = "<group>";
		};
		0964B1A0293F2BB100946FA1 /* Preview Content */ = {
			isa = PBXGroup;
			children = (
				0964B1A1293F2BB100946FA1 /* Preview Assets.xcassets */,
			);
			path = "Preview Content";
			sourceTree = "<group>";
		};
		0964B1AA293F2BB100946FA1 /* AssignLeakTests */ = {
			isa = PBXGroup;
			children = (
				0964B1AB293F2BB100946FA1 /* AssignLeakTests.swift */,
			);
			path = AssignLeakTests;
			sourceTree = "<group>";
		};
		0964B1B4293F2BB100946FA1 /* AssignLeakUITests */ = {
			isa = PBXGroup;
			children = (
				0964B1B5293F2BB100946FA1 /* AssignLeakUITests.swift */,
				0964B1B7293F2BB100946FA1 /* AssignLeakUITestsLaunchTests.swift */,
			);
			path = AssignLeakUITests;
			sourceTree = "<group>";
		};
/* End PBXGroup section */

/* Begin PBXNativeTarget section */
		0964B196293F2BAF00946FA1 /* AssignLeak */ = {
			isa = PBXNativeTarget;
			buildConfigurationList = 0964B1BB293F2BB100946FA1 /* Build configuration list for PBXNativeTarget "AssignLeak" */;
			buildPhases = (
				0964B193293F2BAF00946FA1 /* Sources */,
				0964B194293F2BAF00946FA1 /* Frameworks */,
				0964B195293F2BAF00946FA1 /* Resources */,
			);
			buildRules = (
			);
			dependencies = (
			);
			name = AssignLeak;
			productName = AssignLeak;
			productReference = 0964B197293F2BAF00946FA1 /* AssignLeak.app */;
			productType = "com.apple.product-type.application";
		};
		0964B1A6293F2BB100946FA1 /* AssignLeakTests */ = {
			isa = PBXNativeTarget;
			buildConfigurationList = 0964B1BE293F2BB100946FA1 /* Build configuration list for PBXNativeTarget "AssignLeakTests" */;
			buildPhases = (
				0964B1A3293F2BB100946FA1 /* Sources */,
				0964B1A4293F2BB100946FA1 /* Frameworks */,
				0964B1A5293F2BB100946FA1 /* Resources */,
			);
			buildRules = (
			);
			dependencies = (
				0964B1A9293F2BB100946FA1 /* PBXTargetDependency */,
			);
			name = AssignLeakTests;
			productName = AssignLeakTests;
			productReference = 0964B1A7293F2BB100946FA1 /* AssignLeakTests.xctest */;
			productType = "com.apple.product-type.bundle.unit-test";
		};
		0964B1B0293F2BB100946FA1 /* AssignLeakUITests */ = {
			isa = PBXNativeTarget;
			buildConfigurationList = 0964B1C1293F2BB100946FA1 /* Build configuration list for PBXNativeTarget "AssignLeakUITests" */;
			buildPhases = (
				0964B1AD293F2BB100946FA1 /* Sources */,
				0964B1AE293F2BB100946FA1 /* Frameworks */,
				0964B1AF293F2BB100946FA1 /* Resources */,
			);
			buildRules = (
			);
			dependencies = (
				0964B1B3293F2BB100946FA1 /* PBXTargetDependency */,
			);
			name = AssignLeakUITests;
			productName = AssignLeakUITests;
			productReference = 0964B1B1293F2BB100946FA1 /* AssignLeakUITests.xctest */;
			productType = "com.apple.product-type.bundle.ui-testing";
		};
/* End PBXNativeTarget section */

/* Begin PBXProject section */
		0964B18F293F2BAF00946FA1 /* Project object */ = {
			isa = PBXProject;
			attributes = {
				BuildIndependentTargetsInParallel = 1;
				LastSwiftUpdateCheck = 1340;
				LastUpgradeCheck = 1340;
				TargetAttributes = {
					0964B196293F2BAF00946FA1 = {
						CreatedOnToolsVersion = 13.4.1;
					};
					0964B1A6293F2BB100946FA1 = {
						CreatedOnToolsVersion = 13.4.1;
						TestTargetID = 0964B196293F2BAF00946FA1;
					};
					0964B1B0293F2BB100946FA1 = {
						CreatedOnToolsVersion = 13.4.1;
						TestTargetID = 0964B196293F2BAF00946FA1;
					};
				};
			};
			buildConfigurationList = 0964B192293F2BAF00946FA1 /* Build configuration list for PBXProject "AssignLeak" */;
			compatibilityVersion = "Xcode 13.0";
			developmentRegion = en;
			hasScannedForEncodings = 0;
			knownRegions = (
				en,
				Base,
			);
			mainGroup = 0964B18E293F2BAF00946FA1;
			productRefGroup = 0964B198293F2BAF00946FA1 /* Products */;
			projectDirPath = "";
			projectRoot = "";
			targets = (
				0964B196293F2BAF00946FA1 /* AssignLeak */,
				0964B1A6293F2BB100946FA1 /* AssignLeakTests */,
				0964B1B0293F2BB100946FA1 /* AssignLeakUITests */,
			);
		};
/* End PBXProject section */

/* Begin PBXResourcesBuildPhase section */
		0964B195293F2BAF00946FA1 /* Resources */ = {
			isa = PBXResourcesBuildPhase;
			buildActionMask = 2147483647;
			files = (
				0964B1A2293F2BB100946FA1 /* Preview Assets.xcassets in Resources */,
				0964B19F293F2BB100946FA1 /* Assets.xcassets in Resources */,
			);
			runOnlyForDeploymentPostprocessing = 0;
		};
		0964B1A5293F2BB100946FA1 /* Resources */ = {
			isa = PBXResourcesBuildPhase;
			buildActionMask = 2147483647;
			files = (
			);
			runOnlyForDeploymentPostprocessing = 0;
		};
		0964B1AF293F2BB100946FA1 /* Resources */ = {
			isa = PBXResourcesBuildPhase;
			buildActionMask = 2147483647;
			files = (
			);
			runOnlyForDeploymentPostprocessing = 0;
		};
/* End PBXResourcesBuildPhase section */

/* Begin PBXSourcesBuildPhase section */
		0964B193293F2BAF00946FA1 /* Sources */ = {
			isa = PBXSourcesBuildPhase;
			buildActionMask = 2147483647;
			files = (
				0964B19D293F2BAF00946FA1 /* ContentView.swift in Sources */,
				0964B19B293F2BAF00946FA1 /* AssignLeakApp.swift in Sources */,
			);
			runOnlyForDeploymentPostprocessing = 0;
		};
		0964B1A3293F2BB100946FA1 /* Sources */ = {
			isa = PBXSourcesBuildPhase;
			buildActionMask = 2147483647;
			files = (
				0964B1AC293F2BB100946FA1 /* AssignLeakTests.swift in Sources */,
			);
			runOnlyForDeploymentPostprocessing = 0;
		};
		0964B1AD293F2BB100946FA1 /* Sources */ = {
			isa = PBXSourcesBuildPhase;
			buildActionMask = 2147483647;
			files = (
				0964B1B8293F2BB100946FA1 /* AssignLeakUITestsLaunchTests.swift in Sources */,
				0964B1B6293F2BB100946FA1 /* AssignLeakUITests.swift in Sources */,
			);
			runOnlyForDeploymentPostprocessing = 0;
		};
/* End PBXSourcesBuildPhase section */

/* Begin PBXTargetDependency section */
		0964B1A9293F2BB100946FA1 /* PBXTargetDependency */ = {
			isa = PBXTargetDependency;
			target = 0964B196293F2BAF00946FA1 /* AssignLeak */;
			targetProxy = 0964B1A8293F2BB100946FA1 /* PBXContainerItemProxy */;
		};
		0964B1B3293F2BB100946FA1 /* PBXTargetDependency */ = {
			isa = PBXTargetDependency;
			target = 0964B196293F2BAF00946FA1 /* AssignLeak */;
			targetProxy = 0964B1B2293F2BB100946FA1 /* PBXContainerItemProxy */;
		};
/* End PBXTargetDependency section */

/* Begin XCBuildConfiguration section */
		0964B1B9293F2BB100946FA1 /* Debug */ = {
			isa = XCBuildConfiguration;
			buildSettings = {
				ALWAYS_SEARCH_USER_PATHS = NO;
				CLANG_ANALYZER_NONNULL = YES;
				CLANG_ANALYZER_NUMBER_OBJECT_CONVERSION = YES_AGGRESSIVE;
				CLANG_CXX_LANGUAGE_STANDARD = "gnu++17";
				CLANG_ENABLE_MODULES = YES;
				CLANG_ENABLE_OBJC_ARC = YES;
				CLANG_ENABLE_OBJC_WEAK = YES;
				CLANG_WARN_BLOCK_CAPTURE_AUTORELEASING = YES;
				CLANG_WARN_BOOL_CONVERSION = YES;
				CLANG_WARN_COMMA = YES;
				CLANG_WARN_CONSTANT_CONVERSION = YES;
				CLANG_WARN_DEPRECATED_OBJC_IMPLEMENTATIONS = YES;
				CLANG_WARN_DIRECT_OBJC_ISA_USAGE = YES_ERROR;
				CLANG_WARN_DOCUMENTATION_COMMENTS = YES;
				CLANG_WARN_EMPTY_BODY = YES;
				CLANG_WARN_ENUM_CONVERSION = YES;
				CLANG_WARN_INFINITE_RECURSION = YES;
				CLANG_WARN_INT_CONVERSION = YES;
				CLANG_WARN_NON_LITERAL_NULL_CONVERSION = YES;
				CLANG_WARN_OBJC_IMPLICIT_RETAIN_SELF = YES;
				CLANG_WARN_OBJC_LITERAL_CONVERSION = YES;
				CLANG_WARN_OBJC_ROOT_CLASS = YES_ERROR;
				CLANG_WARN_QUOTED_INCLUDE_IN_FRAMEWORK_HEADER = YES;
				CLANG_WARN_RANGE_LOOP_ANALYSIS = YES;
				CLANG_WARN_STRICT_PROTOTYPES = YES;
				CLANG_WARN_SUSPICIOUS_MOVE = YES;
				CLANG_WARN_UNGUARDED_AVAILABILITY = YES_AGGRESSIVE;
				CLANG_WARN_UNREACHABLE_CODE = YES;
				CLANG_WARN__DUPLICATE_METHOD_MATCH = YES;
				COPY_PHASE_STRIP = NO;
				DEBUG_INFORMATION_FORMAT = dwarf;
				ENABLE_STRICT_OBJC_MSGSEND = YES;
				ENABLE_TESTABILITY = YES;
				GCC_C_LANGUAGE_STANDARD = gnu11;
				GCC_DYNAMIC_NO_PIC = NO;
				GCC_NO_COMMON_BLOCKS = YES;
				GCC_OPTIMIZATION_LEVEL = 0;
				GCC_PREPROCESSOR_DEFINITIONS = (
					"DEBUG=1",
					"$(inherited)",
				);
				GCC_WARN_64_TO_32_BIT_CONVERSION = YES;
				GCC_WARN_ABOUT_RETURN_TYPE = YES_ERROR;
				GCC_WARN_UNDECLARED_SELECTOR = YES;
				GCC_WARN_UNINITIALIZED_AUTOS = YES_AGGRESSIVE;
				GCC_WARN_UNUSED_FUNCTION = YES;
				GCC_WARN_UNUSED_VARIABLE = YES;
				IPHONEOS_DEPLOYMENT_TARGET = 15.5;
				MTL_ENABLE_DEBUG_INFO = INCLUDE_SOURCE;
				MTL_FAST_MATH = YES;
				ONLY_ACTIVE_ARCH = YES;
				SDKROOT = iphoneos;
				SWIFT_ACTIVE_COMPILATION_CONDITIONS = DEBUG;
				SWIFT_OPTIMIZATION_LEVEL = "-Onone";
			};
			name = Debug;
		};
		0964B1BA293F2BB100946FA1 /* Release */ = {
			isa = XCBuildConfiguration;
			buildSettings = {
				ALWAYS_SEARCH_USER_PATHS = NO;
				CLANG_ANALYZER_NONNULL = YES;
				CLANG_ANALYZER_NUMBER_OBJECT_CONVERSION = YES_AGGRESSIVE;
				CLANG_CXX_LANGUAGE_STANDARD = "gnu++17";
				CLANG_ENABLE_MODULES = YES;
				CLANG_ENABLE_OBJC_ARC = YES;
				CLANG_ENABLE_OBJC_WEAK = YES;
				CLANG_WARN_BLOCK_CAPTURE_AUTORELEASING = YES;
				CLANG_WARN_BOOL_CONVERSION = YES;
				CLANG_WARN_COMMA = YES;
				CLANG_WARN_CONSTANT_CONVERSION = YES;
				CLANG_WARN_DEPRECATED_OBJC_IMPLEMENTATIONS = YES;
				CLANG_WARN_DIRECT_OBJC_ISA_USAGE = YES_ERROR;
				CLANG_WARN_DOCUMENTATION_COMMENTS = YES;
				CLANG_WARN_EMPTY_BODY = YES;
				CLANG_WARN_ENUM_CONVERSION = YES;
				CLANG_WARN_INFINITE_RECURSION = YES;
				CLANG_WARN_INT_CONVERSION = YES;
				CLANG_WARN_NON_LITERAL_NULL_CONVERSION = YES;
				CLANG_WARN_OBJC_IMPLICIT_RETAIN_SELF = YES;
				CLANG_WARN_OBJC_LITERAL_CONVERSION = YES;
				CLANG_WARN_OBJC_ROOT_CLASS = YES_ERROR;
				CLANG_WARN_QUOTED_INCLUDE_IN_FRAMEWORK_HEADER = YES;
				CLANG_WARN_RANGE_LOOP_ANALYSIS = YES;
				CLANG_WARN_STRICT_PROTOTYPES = YES;
				CLANG_WARN_SUSPICIOUS_MOVE = YES;
				CLANG_WARN_UNGUARDED_AVAILABILITY = YES_AGGRESSIVE;
				CLANG_WARN_UNREACHABLE_CODE = YES;
				CLANG_WARN__DUPLICATE_METHOD_MATCH = YES;
				COPY_PHASE_STRIP = NO;
				DEBUG_INFORMATION_FORMAT = "dwarf-with-dsym";
				ENABLE_NS_ASSERTIONS = NO;
				ENABLE_STRICT_OBJC_MSGSEND = YES;
				GCC_C_LANGUAGE_STANDARD = gnu11;
				GCC_NO_COMMON_BLOCKS = YES;
				GCC_WARN_64_TO_32_BIT_CONVERSION = YES;
				GCC_WARN_ABOUT_RETURN_TYPE = YES_ERROR;
				GCC_WARN_UNDECLARED_SELECTOR = YES;
				GCC_WARN_UNINITIALIZED_AUTOS = YES_AGGRESSIVE;
				GCC_WARN_UNUSED_FUNCTION = YES;
				GCC_WARN_UNUSED_VARIABLE = YES;
				IPHONEOS_DEPLOYMENT_TARGET = 15.5;
				MTL_ENABLE_DEBUG_INFO = NO;
				MTL_FAST_MATH = YES;
				SDKROOT = iphoneos;
				SWIFT_COMPILATION_MODE = wholemodule;
				SWIFT_OPTIMIZATION_LEVEL = "-O";
				VALIDATE_PRODUCT = YES;
			};
			name = Release;
		};
		0964B1BC293F2BB100946FA1 /* Debug */ = {
			isa = XCBuildConfiguration;
			buildSettings = {
				ASSETCATALOG_COMPILER_APPICON_NAME = AppIcon;
				ASSETCATALOG_COMPILER_GLOBAL_ACCENT_COLOR_NAME = AccentColor;
				CODE_SIGN_STYLE = Automatic;
				CURRENT_PROJECT_VERSION = 1;
				DEVELOPMENT_ASSET_PATHS = "\"AssignLeak/Preview Content\"";
				ENABLE_PREVIEWS = YES;
				GENERATE_INFOPLIST_FILE = YES;
				INFOPLIST_KEY_UIApplicationSceneManifest_Generation = YES;
				INFOPLIST_KEY_UIApplicationSupportsIndirectInputEvents = YES;
				INFOPLIST_KEY_UILaunchScreen_Generation = YES;
				INFOPLIST_KEY_UISupportedInterfaceOrientations_iPad = "UIInterfaceOrientationPortrait UIInterfaceOrientationPortraitUpsideDown UIInterfaceOrientationLandscapeLeft UIInterfaceOrientationLandscapeRight";
				INFOPLIST_KEY_UISupportedInterfaceOrientations_iPhone = "UIInterfaceOrientationPortrait UIInterfaceOrientationLandscapeLeft UIInterfaceOrientationLandscapeRight";
				LD_RUNPATH_SEARCH_PATHS = (
					"$(inherited)",
					"@executable_path/Frameworks",
				);
				MARKETING_VERSION = 1.0;
				PRODUCT_BUNDLE_IDENTIFIER = co.nimblehq.AssignLeak;
				PRODUCT_NAME = "$(TARGET_NAME)";
				SWIFT_EMIT_LOC_STRINGS = YES;
				SWIFT_VERSION = 5.0;
				TARGETED_DEVICE_FAMILY = "1,2";
			};
			name = Debug;
		};
		0964B1BD293F2BB100946FA1 /* Release */ = {
			isa = XCBuildConfiguration;
			buildSettings = {
				ASSETCATALOG_COMPILER_APPICON_NAME = AppIcon;
				ASSETCATALOG_COMPILER_GLOBAL_ACCENT_COLOR_NAME = AccentColor;
				CODE_SIGN_STYLE = Automatic;
				CURRENT_PROJECT_VERSION = 1;
				DEVELOPMENT_ASSET_PATHS = "\"AssignLeak/Preview Content\"";
				ENABLE_PREVIEWS = YES;
				GENERATE_INFOPLIST_FILE = YES;
				INFOPLIST_KEY_UIApplicationSceneManifest_Generation = YES;
				INFOPLIST_KEY_UIApplicationSupportsIndirectInputEvents = YES;
				INFOPLIST_KEY_UILaunchScreen_Generation = YES;
				INFOPLIST_KEY_UISupportedInterfaceOrientations_iPad = "UIInterfaceOrientationPortrait UIInterfaceOrientationPortraitUpsideDown UIInterfaceOrientationLandscapeLeft UIInterfaceOrientationLandscapeRight";
				INFOPLIST_KEY_UISupportedInterfaceOrientations_iPhone = "UIInterfaceOrientationPortrait UIInterfaceOrientationLandscapeLeft UIInterfaceOrientationLandscapeRight";
				LD_RUNPATH_SEARCH_PATHS = (
					"$(inherited)",
					"@executable_path/Frameworks",
				);
				MARKETING_VERSION = 1.0;
				PRODUCT_BUNDLE_IDENTIFIER = co.nimblehq.AssignLeak;
				PRODUCT_NAME = "$(TARGET_NAME)";
				SWIFT_EMIT_LOC_STRINGS = YES;
				SWIFT_VERSION = 5.0;
				TARGETED_DEVICE_FAMILY = "1,2";
			};
			name = Release;
		};
		0964B1BF293F2BB100946FA1 /* Debug */ = {
			isa = XCBuildConfiguration;
			buildSettings = {
				ALWAYS_EMBED_SWIFT_STANDARD_LIBRARIES = YES;
				BUNDLE_LOADER = "$(TEST_HOST)";
				CODE_SIGN_STYLE = Automatic;
				CURRENT_PROJECT_VERSION = 1;
				GENERATE_INFOPLIST_FILE = YES;
				IPHONEOS_DEPLOYMENT_TARGET = 15.5;
				MARKETING_VERSION = 1.0;
				PRODUCT_BUNDLE_IDENTIFIER = co.nimblehq.AssignLeakTests;
				PRODUCT_NAME = "$(TARGET_NAME)";
				SWIFT_EMIT_LOC_STRINGS = NO;
				SWIFT_VERSION = 5.0;
				TARGETED_DEVICE_FAMILY = "1,2";
				TEST_HOST = "$(BUILT_PRODUCTS_DIR)/AssignLeak.app/AssignLeak";
			};
			name = Debug;
		};
		0964B1C0293F2BB100946FA1 /* Release */ = {
			isa = XCBuildConfiguration;
			buildSettings = {
				ALWAYS_EMBED_SWIFT_STANDARD_LIBRARIES = YES;
				BUNDLE_LOADER = "$(TEST_HOST)";
				CODE_SIGN_STYLE = Automatic;
				CURRENT_PROJECT_VERSION = 1;
				GENERATE_INFOPLIST_FILE = YES;
				IPHONEOS_DEPLOYMENT_TARGET = 15.5;
				MARKETING_VERSION = 1.0;
				PRODUCT_BUNDLE_IDENTIFIER = co.nimblehq.AssignLeakTests;
				PRODUCT_NAME = "$(TARGET_NAME)";
				SWIFT_EMIT_LOC_STRINGS = NO;
				SWIFT_VERSION = 5.0;
				TARGETED_DEVICE_FAMILY = "1,2";
				TEST_HOST = "$(BUILT_PRODUCTS_DIR)/AssignLeak.app/AssignLeak";
			};
			name = Release;
		};
		0964B1C2293F2BB100946FA1 /* Debug */ = {
			isa = XCBuildConfiguration;
			buildSettings = {
				ALWAYS_EMBED_SWIFT_STANDARD_LIBRARIES = YES;
				CODE_SIGN_STYLE = Automatic;
				CURRENT_PROJECT_VERSION = 1;
				GENERATE_INFOPLIST_FILE = YES;
				MARKETING_VERSION = 1.0;
				PRODUCT_BUNDLE_IDENTIFIER = co.nimblehq.AssignLeakUITests;
				PRODUCT_NAME = "$(TARGET_NAME)";
				SWIFT_EMIT_LOC_STRINGS = NO;
				SWIFT_VERSION = 5.0;
				TARGETED_DEVICE_FAMILY = "1,2";
				TEST_TARGET_NAME = AssignLeak;
			};
			name = Debug;
		};
		0964B1C3293F2BB100946FA1 /* Release */ = {
			isa = XCBuildConfiguration;
			buildSettings = {
				ALWAYS_EMBED_SWIFT_STANDARD_LIBRARIES = YES;
				CODE_SIGN_STYLE = Automatic;
				CURRENT_PROJECT_VERSION = 1;
				GENERATE_INFOPLIST_FILE = YES;
				MARKETING_VERSION = 1.0;
				PRODUCT_BUNDLE_IDENTIFIER = co.nimblehq.AssignLeakUITests;
				PRODUCT_NAME = "$(TARGET_NAME)";
				SWIFT_EMIT_LOC_STRINGS = NO;
				SWIFT_VERSION = 5.0;
				TARGETED_DEVICE_FAMILY = "1,2";
				TEST_TARGET_NAME = AssignLeak;
			};
			name = Release;
		};
/* End XCBuildConfiguration section */

/* Begin XCConfigurationList section */
		0964B192293F2BAF00946FA1 /* Build configuration list for PBXProject "AssignLeak" */ = {
			isa = XCConfigurationList;
			buildConfigurations = (
				0964B1B9293F2BB100946FA1 /* Debug */,
				0964B1BA293F2BB100946FA1 /* Release */,
			);
			defaultConfigurationIsVisible = 0;
			defaultConfigurationName = Release;
		};
		0964B1BB293F2BB100946FA1 /* Build configuration list for PBXNativeTarget "AssignLeak" */ = {
			isa = XCConfigurationList;
			buildConfigurations = (
				0964B1BC293F2BB100946FA1 /* Debug */,
				0964B1BD293F2BB100946FA1 /* Release */,
			);
			defaultConfigurationIsVisible = 0;
			defaultConfigurationName = Release;
		};
		0964B1BE293F2BB100946FA1 /* Build configuration list for PBXNativeTarget "AssignLeakTests" */ = {
			isa = XCConfigurationList;
			buildConfigurations = (
				0964B1BF293F2BB100946FA1 /* Debug */,
				0964B1C0293F2BB100946FA1 /* Release */,
			);
			defaultConfigurationIsVisible = 0;
			defaultConfigurationName = Release;
		};
		0964B1C1293F2BB100946FA1 /* Build configuration list for PBXNativeTarget "AssignLeakUITests" */ = {
			isa = XCConfigurationList;
			buildConfigurations = (
				0964B1C2293F2BB100946FA1 /* Debug */,
				0964B1C3293F2BB100946FA1 /* Release */,
			);
			defaultConfigurationIsVisible = 0;
			defaultConfigurationName = Release;
		};
/* End XCConfigurationList section */
	};
	rootObject = 0964B18F293F2BAF00946FA1 /* Project object */;
}
